// !$*UTF8*$!
{
	archiveVersion = 1;
	classes = {
	};
	objectVersion = 50;
	objects = {

/* Begin PBXBuildFile section */
		4F671B0F262D295400032EB3 /* AppDelegate.swift in Sources */ = {isa = PBXBuildFile; fileRef = 4F671B0E262D295400032EB3 /* AppDelegate.swift */; };
		4F671B11262D295400032EB3 /* SceneDelegate.swift in Sources */ = {isa = PBXBuildFile; fileRef = 4F671B10262D295400032EB3 /* SceneDelegate.swift */; };
		4F671B13262D295400032EB3 /* ViewController.swift in Sources */ = {isa = PBXBuildFile; fileRef = 4F671B12262D295400032EB3 /* ViewController.swift */; };
		4F671B16262D295400032EB3 /* Main.storyboard in Resources */ = {isa = PBXBuildFile; fileRef = 4F671B14262D295400032EB3 /* Main.storyboard */; };
		4F671B18262D295D00032EB3 /* Assets.xcassets in Resources */ = {isa = PBXBuildFile; fileRef = 4F671B17262D295D00032EB3 /* Assets.xcassets */; };
		4F671B1B262D295D00032EB3 /* LaunchScreen.storyboard in Resources */ = {isa = PBXBuildFile; fileRef = 4F671B19262D295D00032EB3 /* LaunchScreen.storyboard */; };
		4F671B26262D295D00032EB3 /* backgroundTests.swift in Sources */ = {isa = PBXBuildFile; fileRef = 4F671B25262D295D00032EB3 /* backgroundTests.swift */; };
		4F671B31262D295D00032EB3 /* backgroundUITests.swift in Sources */ = {isa = PBXBuildFile; fileRef = 4F671B30262D295D00032EB3 /* backgroundUITests.swift */; };
/* End PBXBuildFile section */

/* Begin PBXContainerItemProxy section */
		4F671B22262D295D00032EB3 /* PBXContainerItemProxy */ = {
			isa = PBXContainerItemProxy;
			containerPortal = 4F671B03262D295300032EB3 /* Project object */;
			proxyType = 1;
			remoteGlobalIDString = 4F671B0A262D295400032EB3;
			remoteInfo = background;
		};
		4F671B2D262D295D00032EB3 /* PBXContainerItemProxy */ = {
			isa = PBXContainerItemProxy;
			containerPortal = 4F671B03262D295300032EB3 /* Project object */;
			proxyType = 1;
			remoteGlobalIDString = 4F671B0A262D295400032EB3;
			remoteInfo = background;
		};
/* End PBXContainerItemProxy section */

/* Begin PBXFileReference section */
		4F671B0B262D295400032EB3 /* background.app */ = {isa = PBXFileReference; explicitFileType = wrapper.application; includeInIndex = 0; path = background.app; sourceTree = BUILT_PRODUCTS_DIR; };
		4F671B0E262D295400032EB3 /* AppDelegate.swift */ = {isa = PBXFileReference; lastKnownFileType = sourcecode.swift; path = AppDelegate.swift; sourceTree = "<group>"; };
		4F671B10262D295400032EB3 /* SceneDelegate.swift */ = {isa = PBXFileReference; lastKnownFileType = sourcecode.swift; path = SceneDelegate.swift; sourceTree = "<group>"; };
		4F671B12262D295400032EB3 /* ViewController.swift */ = {isa = PBXFileReference; lastKnownFileType = sourcecode.swift; path = ViewController.swift; sourceTree = "<group>"; };
		4F671B15262D295400032EB3 /* Base */ = {isa = PBXFileReference; lastKnownFileType = file.storyboard; name = Base; path = Base.lproj/Main.storyboard; sourceTree = "<group>"; };
		4F671B17262D295D00032EB3 /* Assets.xcassets */ = {isa = PBXFileReference; lastKnownFileType = folder.assetcatalog; path = Assets.xcassets; sourceTree = "<group>"; };
		4F671B1A262D295D00032EB3 /* Base */ = {isa = PBXFileReference; lastKnownFileType = file.storyboard; name = Base; path = Base.lproj/LaunchScreen.storyboard; sourceTree = "<group>"; };
		4F671B1C262D295D00032EB3 /* Info.plist */ = {isa = PBXFileReference; lastKnownFileType = text.plist.xml; path = Info.plist; sourceTree = "<group>"; };
		4F671B21262D295D00032EB3 /* backgroundTests.xctest */ = {isa = PBXFileReference; explicitFileType = wrapper.cfbundle; includeInIndex = 0; path = backgroundTests.xctest; sourceTree = BUILT_PRODUCTS_DIR; };
		4F671B25262D295D00032EB3 /* backgroundTests.swift */ = {isa = PBXFileReference; lastKnownFileType = sourcecode.swift; path = backgroundTests.swift; sourceTree = "<group>"; };
		4F671B27262D295D00032EB3 /* Info.plist */ = {isa = PBXFileReference; lastKnownFileType = text.plist.xml; path = Info.plist; sourceTree = "<group>"; };
		4F671B2C262D295D00032EB3 /* backgroundUITests.xctest */ = {isa = PBXFileReference; explicitFileType = wrapper.cfbundle; includeInIndex = 0; path = backgroundUITests.xctest; sourceTree = BUILT_PRODUCTS_DIR; };
		4F671B30262D295D00032EB3 /* backgroundUITests.swift */ = {isa = PBXFileReference; lastKnownFileType = sourcecode.swift; path = backgroundUITests.swift; sourceTree = "<group>"; };
		4F671B32262D295D00032EB3 /* Info.plist */ = {isa = PBXFileReference; lastKnownFileType = text.plist.xml; path = Info.plist; sourceTree = "<group>"; };
/* End PBXFileReference section */

/* Begin PBXFrameworksBuildPhase section */
		4F671B08262D295400032EB3 /* Frameworks */ = {
			isa = PBXFrameworksBuildPhase;
			buildActionMask = 2147483647;
			files = (
			);
			runOnlyForDeploymentPostprocessing = 0;
		};
		4F671B1E262D295D00032EB3 /* Frameworks */ = {
			isa = PBXFrameworksBuildPhase;
			buildActionMask = 2147483647;
			files = (
			);
			runOnlyForDeploymentPostprocessing = 0;
		};
		4F671B29262D295D00032EB3 /* Frameworks */ = {
			isa = PBXFrameworksBuildPhase;
			buildActionMask = 2147483647;
			files = (
			);
			runOnlyForDeploymentPostprocessing = 0;
		};
/* End PBXFrameworksBuildPhase section */

/* Begin PBXGroup section */
		4F671B02262D295300032EB3 = {
			isa = PBXGroup;
			children = (
				4F671B0D262D295400032EB3 /* background */,
				4F671B24262D295D00032EB3 /* backgroundTests */,
				4F671B2F262D295D00032EB3 /* backgroundUITests */,
				4F671B0C262D295400032EB3 /* Products */,
			);
			sourceTree = "<group>";
		};
		4F671B0C262D295400032EB3 /* Products */ = {
			isa = PBXGroup;
			children = (
				4F671B0B262D295400032EB3 /* background.app */,
				4F671B21262D295D00032EB3 /* backgroundTests.xctest */,
				4F671B2C262D295D00032EB3 /* backgroundUITests.xctest */,
			);
			name = Products;
			sourceTree = "<group>";
		};
		4F671B0D262D295400032EB3 /* background */ = {
			isa = PBXGroup;
			children = (
				4F671B0E262D295400032EB3 /* AppDelegate.swift */,
				4F671B10262D295400032EB3 /* SceneDelegate.swift */,
				4F671B12262D295400032EB3 /* ViewController.swift */,
				4F671B14262D295400032EB3 /* Main.storyboard */,
				4F671B17262D295D00032EB3 /* Assets.xcassets */,
				4F671B19262D295D00032EB3 /* LaunchScreen.storyboard */,
				4F671B1C262D295D00032EB3 /* Info.plist */,
			);
			path = background;
			sourceTree = "<group>";
		};
		4F671B24262D295D00032EB3 /* backgroundTests */ = {
			isa = PBXGroup;
			children = (
				4F671B25262D295D00032EB3 /* backgroundTests.swift */,
				4F671B27262D295D00032EB3 /* Info.plist */,
			);
			path = backgroundTests;
			sourceTree = "<group>";
		};
		4F671B2F262D295D00032EB3 /* backgroundUITests */ = {
			isa = PBXGroup;
			children = (
				4F671B30262D295D00032EB3 /* backgroundUITests.swift */,
				4F671B32262D295D00032EB3 /* Info.plist */,
			);
			path = backgroundUITests;
			sourceTree = "<group>";
		};
/* End PBXGroup section */

/* Begin PBXNativeTarget section */
		4F671B0A262D295400032EB3 /* background */ = {
			isa = PBXNativeTarget;
			buildConfigurationList = 4F671B35262D295E00032EB3 /* Build configuration list for PBXNativeTarget "background" */;
			buildPhases = (
				4F671B07262D295400032EB3 /* Sources */,
				4F671B08262D295400032EB3 /* Frameworks */,
				4F671B09262D295400032EB3 /* Resources */,
			);
			buildRules = (
			);
			dependencies = (
			);
			name = background;
			productName = background;
			productReference = 4F671B0B262D295400032EB3 /* background.app */;
			productType = "com.apple.product-type.application";
		};
		4F671B20262D295D00032EB3 /* backgroundTests */ = {
			isa = PBXNativeTarget;
			buildConfigurationList = 4F671B38262D295E00032EB3 /* Build configuration list for PBXNativeTarget "backgroundTests" */;
			buildPhases = (
				4F671B1D262D295D00032EB3 /* Sources */,
				4F671B1E262D295D00032EB3 /* Frameworks */,
				4F671B1F262D295D00032EB3 /* Resources */,
			);
			buildRules = (
			);
			dependencies = (
				4F671B23262D295D00032EB3 /* PBXTargetDependency */,
			);
			name = backgroundTests;
			productName = backgroundTests;
			productReference = 4F671B21262D295D00032EB3 /* backgroundTests.xctest */;
			productType = "com.apple.product-type.bundle.unit-test";
		};
		4F671B2B262D295D00032EB3 /* backgroundUITests */ = {
			isa = PBXNativeTarget;
			buildConfigurationList = 4F671B3B262D295E00032EB3 /* Build configuration list for PBXNativeTarget "backgroundUITests" */;
			buildPhases = (
				4F671B28262D295D00032EB3 /* Sources */,
				4F671B29262D295D00032EB3 /* Frameworks */,
				4F671B2A262D295D00032EB3 /* Resources */,
			);
			buildRules = (
			);
			dependencies = (
				4F671B2E262D295D00032EB3 /* PBXTargetDependency */,
			);
			name = backgroundUITests;
			productName = backgroundUITests;
			productReference = 4F671B2C262D295D00032EB3 /* backgroundUITests.xctest */;
			productType = "com.apple.product-type.bundle.ui-testing";
		};
/* End PBXNativeTarget section */

/* Begin PBXProject section */
		4F671B03262D295300032EB3 /* Project object */ = {
			isa = PBXProject;
			attributes = {
				LastSwiftUpdateCheck = 1130;
				LastUpgradeCheck = 1130;
				ORGANIZATIONNAME = "Mehdi Benrefad";
				TargetAttributes = {
					4F671B0A262D295400032EB3 = {
						CreatedOnToolsVersion = 11.3.1;
					};
					4F671B20262D295D00032EB3 = {
						CreatedOnToolsVersion = 11.3.1;
						TestTargetID = 4F671B0A262D295400032EB3;
					};
					4F671B2B262D295D00032EB3 = {
						CreatedOnToolsVersion = 11.3.1;
						TestTargetID = 4F671B0A262D295400032EB3;
					};
				};
			};
			buildConfigurationList = 4F671B06262D295300032EB3 /* Build configuration list for PBXProject "background" */;
			compatibilityVersion = "Xcode 9.3";
			developmentRegion = en;
			hasScannedForEncodings = 0;
			knownRegions = (
				en,
				Base,
			);
			mainGroup = 4F671B02262D295300032EB3;
			productRefGroup = 4F671B0C262D295400032EB3 /* Products */;
			projectDirPath = "";
			projectRoot = "";
			targets = (
				4F671B0A262D295400032EB3 /* background */,
				4F671B20262D295D00032EB3 /* backgroundTests */,
				4F671B2B262D295D00032EB3 /* backgroundUITests */,
			);
		};
/* End PBXProject section */

/* Begin PBXResourcesBuildPhase section */
		4F671B09262D295400032EB3 /* Resources */ = {
			isa = PBXResourcesBuildPhase;
			buildActionMask = 2147483647;
			files = (
				4F671B1B262D295D00032EB3 /* LaunchScreen.storyboard in Resources */,
				4F671B18262D295D00032EB3 /* Assets.xcassets in Resources */,
				4F671B16262D295400032EB3 /* Main.storyboard in Resources */,
			);
			runOnlyForDeploymentPostprocessing = 0;
		};
		4F671B1F262D295D00032EB3 /* Resources */ = {
			isa = PBXResourcesBuildPhase;
			buildActionMask = 2147483647;
			files = (
			);
			runOnlyForDeploymentPostprocessing = 0;
		};
		4F671B2A262D295D00032EB3 /* Resources */ = {
			isa = PBXResourcesBuildPhase;
			buildActionMask = 2147483647;
			files = (
			);
			runOnlyForDeploymentPostprocessing = 0;
		};
/* End PBXResourcesBuildPhase section */

/* Begin PBXSourcesBuildPhase section */
		4F671B07262D295400032EB3 /* Sources */ = {
			isa = PBXSourcesBuildPhase;
			buildActionMask = 2147483647;
			files = (
				4F671B13262D295400032EB3 /* ViewController.swift in Sources */,
				4F671B0F262D295400032EB3 /* AppDelegate.swift in Sources */,
				4F671B11262D295400032EB3 /* SceneDelegate.swift in Sources */,
			);
			runOnlyForDeploymentPostprocessing = 0;
		};
		4F671B1D262D295D00032EB3 /* Sources */ = {
			isa = PBXSourcesBuildPhase;
			buildActionMask = 2147483647;
			files = (
				4F671B26262D295D00032EB3 /* backgroundTests.swift in Sources */,
			);
			runOnlyForDeploymentPostprocessing = 0;
		};
		4F671B28262D295D00032EB3 /* Sources */ = {
			isa = PBXSourcesBuildPhase;
			buildActionMask = 2147483647;
			files = (
				4F671B31262D295D00032EB3 /* backgroundUITests.swift in Sources */,
			);
			runOnlyForDeploymentPostprocessing = 0;
		};
/* End PBXSourcesBuildPhase section */

/* Begin PBXTargetDependency section */
		4F671B23262D295D00032EB3 /* PBXTargetDependency */ = {
			isa = PBXTargetDependency;
			target = 4F671B0A262D295400032EB3 /* background */;
			targetProxy = 4F671B22262D295D00032EB3 /* PBXContainerItemProxy */;
		};
		4F671B2E262D295D00032EB3 /* PBXTargetDependency */ = {
			isa = PBXTargetDependency;
			target = 4F671B0A262D295400032EB3 /* background */;
			targetProxy = 4F671B2D262D295D00032EB3 /* PBXContainerItemProxy */;
		};
/* End PBXTargetDependency section */

/* Begin PBXVariantGroup section */
		4F671B14262D295400032EB3 /* Main.storyboard */ = {
			isa = PBXVariantGroup;
			children = (
				4F671B15262D295400032EB3 /* Base */,
			);
			name = Main.storyboard;
			sourceTree = "<group>";
		};
		4F671B19262D295D00032EB3 /* LaunchScreen.storyboard */ = {
			isa = PBXVariantGroup;
			children = (
				4F671B1A262D295D00032EB3 /* Base */,
			);
			name = LaunchScreen.storyboard;
			sourceTree = "<group>";
		};
/* End PBXVariantGroup section */

/* Begin XCBuildConfiguration section */
		4F671B33262D295E00032EB3 /* Debug */ = {
			isa = XCBuildConfiguration;
			buildSettings = {
				ALWAYS_SEARCH_USER_PATHS = NO;
				CLANG_ANALYZER_NONNULL = YES;
				CLANG_ANALYZER_NUMBER_OBJECT_CONVERSION = YES_AGGRESSIVE;
				CLANG_CXX_LANGUAGE_STANDARD = "gnu++14";
				CLANG_CXX_LIBRARY = "libc++";
				CLANG_ENABLE_MODULES = YES;
				CLANG_ENABLE_OBJC_ARC = YES;
				CLANG_ENABLE_OBJC_WEAK = YES;
				CLANG_WARN_BLOCK_CAPTURE_AUTORELEASING = YES;
				CLANG_WARN_BOOL_CONVERSION = YES;
				CLANG_WARN_COMMA = YES;
				CLANG_WARN_CONSTANT_CONVERSION = YES;
				CLANG_WARN_DEPRECATED_OBJC_IMPLEMENTATIONS = YES;
				CLANG_WARN_DIRECT_OBJC_ISA_USAGE = YES_ERROR;
				CLANG_WARN_DOCUMENTATION_COMMENTS = YES;
				CLANG_WARN_EMPTY_BODY = YES;
				CLANG_WARN_ENUM_CONVERSION = YES;
				CLANG_WARN_INFINITE_RECURSION = YES;
				CLANG_WARN_INT_CONVERSION = YES;
				CLANG_WARN_NON_LITERAL_NULL_CONVERSION = YES;
				CLANG_WARN_OBJC_IMPLICIT_RETAIN_SELF = YES;
				CLANG_WARN_OBJC_LITERAL_CONVERSION = YES;
				CLANG_WARN_OBJC_ROOT_CLASS = YES_ERROR;
				CLANG_WARN_RANGE_LOOP_ANALYSIS = YES;
				CLANG_WARN_STRICT_PROTOTYPES = YES;
				CLANG_WARN_SUSPICIOUS_MOVE = YES;
				CLANG_WARN_UNGUARDED_AVAILABILITY = YES_AGGRESSIVE;
				CLANG_WARN_UNREACHABLE_CODE = YES;
				CLANG_WARN__DUPLICATE_METHOD_MATCH = YES;
				COPY_PHASE_STRIP = NO;
				DEBUG_INFORMATION_FORMAT = dwarf;
				ENABLE_STRICT_OBJC_MSGSEND = YES;
				ENABLE_TESTABILITY = YES;
				GCC_C_LANGUAGE_STANDARD = gnu11;
				GCC_DYNAMIC_NO_PIC = NO;
				GCC_NO_COMMON_BLOCKS = YES;
				GCC_OPTIMIZATION_LEVEL = 0;
				GCC_PREPROCESSOR_DEFINITIONS = (
					"DEBUG=1",
					"$(inherited)",
				);
				GCC_WARN_64_TO_32_BIT_CONVERSION = YES;
				GCC_WARN_ABOUT_RETURN_TYPE = YES_ERROR;
				GCC_WARN_UNDECLARED_SELECTOR = YES;
				GCC_WARN_UNINITIALIZED_AUTOS = YES_AGGRESSIVE;
				GCC_WARN_UNUSED_FUNCTION = YES;
				GCC_WARN_UNUSED_VARIABLE = YES;
				IPHONEOS_DEPLOYMENT_TARGET = 13.2;
				MTL_ENABLE_DEBUG_INFO = INCLUDE_SOURCE;
				MTL_FAST_MATH = YES;
				ONLY_ACTIVE_ARCH = YES;
				SDKROOT = iphoneos;
				SWIFT_ACTIVE_COMPILATION_CONDITIONS = DEBUG;
				SWIFT_OPTIMIZATION_LEVEL = "-Onone";
			};
			name = Debug;
		};
		4F671B34262D295E00032EB3 /* Release */ = {
			isa = XCBuildConfiguration;
			buildSettings = {
				ALWAYS_SEARCH_USER_PATHS = NO;
				CLANG_ANALYZER_NONNULL = YES;
				CLANG_ANALYZER_NUMBER_OBJECT_CONVERSION = YES_AGGRESSIVE;
				CLANG_CXX_LANGUAGE_STANDARD = "gnu++14";
				CLANG_CXX_LIBRARY = "libc++";
				CLANG_ENABLE_MODULES = YES;
				CLANG_ENABLE_OBJC_ARC = YES;
				CLANG_ENABLE_OBJC_WEAK = YES;
				CLANG_WARN_BLOCK_CAPTURE_AUTORELEASING = YES;
				CLANG_WARN_BOOL_CONVERSION = YES;
				CLANG_WARN_COMMA = YES;
				CLANG_WARN_CONSTANT_CONVERSION = YES;
				CLANG_WARN_DEPRECATED_OBJC_IMPLEMENTATIONS = YES;
				CLANG_WARN_DIRECT_OBJC_ISA_USAGE = YES_ERROR;
				CLANG_WARN_DOCUMENTATION_COMMENTS = YES;
				CLANG_WARN_EMPTY_BODY = YES;
				CLANG_WARN_ENUM_CONVERSION = YES;
				CLANG_WARN_INFINITE_RECURSION = YES;
				CLANG_WARN_INT_CONVERSION = YES;
				CLANG_WARN_NON_LITERAL_NULL_CONVERSION = YES;
				CLANG_WARN_OBJC_IMPLICIT_RETAIN_SELF = YES;
				CLANG_WARN_OBJC_LITERAL_CONVERSION = YES;
				CLANG_WARN_OBJC_ROOT_CLASS = YES_ERROR;
				CLANG_WARN_RANGE_LOOP_ANALYSIS = YES;
				CLANG_WARN_STRICT_PROTOTYPES = YES;
				CLANG_WARN_SUSPICIOUS_MOVE = YES;
				CLANG_WARN_UNGUARDED_AVAILABILITY = YES_AGGRESSIVE;
				CLANG_WARN_UNREACHABLE_CODE = YES;
				CLANG_WARN__DUPLICATE_METHOD_MATCH = YES;
				COPY_PHASE_STRIP = NO;
				DEBUG_INFORMATION_FORMAT = "dwarf-with-dsym";
				ENABLE_NS_ASSERTIONS = NO;
				ENABLE_STRICT_OBJC_MSGSEND = YES;
				GCC_C_LANGUAGE_STANDARD = gnu11;
				GCC_NO_COMMON_BLOCKS = YES;
				GCC_WARN_64_TO_32_BIT_CONVERSION = YES;
				GCC_WARN_ABOUT_RETURN_TYPE = YES_ERROR;
				GCC_WARN_UNDECLARED_SELECTOR = YES;
				GCC_WARN_UNINITIALIZED_AUTOS = YES_AGGRESSIVE;
				GCC_WARN_UNUSED_FUNCTION = YES;
				GCC_WARN_UNUSED_VARIABLE = YES;
				IPHONEOS_DEPLOYMENT_TARGET = 13.2;
				MTL_ENABLE_DEBUG_INFO = NO;
				MTL_FAST_MATH = YES;
				SDKROOT = iphoneos;
				SWIFT_COMPILATION_MODE = wholemodule;
				SWIFT_OPTIMIZATION_LEVEL = "-O";
				VALIDATE_PRODUCT = YES;
			};
			name = Release;
		};
		4F671B36262D295E00032EB3 /* Debug */ = {
			isa = XCBuildConfiguration;
			buildSettings = {
				ASSETCATALOG_COMPILER_APPICON_NAME = AppIcon;
				CODE_SIGN_STYLE = Automatic;
				INFOPLIST_FILE = background/Info.plist;
				LD_RUNPATH_SEARCH_PATHS = (
					"$(inherited)",
					"@executable_path/Frameworks",
				);
				PRODUCT_BUNDLE_IDENTIFIER = "Mehdi-Benrefad.background";
				PRODUCT_NAME = "$(TARGET_NAME)";
				SWIFT_VERSION = 5.0;
				TARGETED_DEVICE_FAMILY = "1,2";
			};
			name = Debug;
		};
		4F671B37262D295E00032EB3 /* Release */ = {
			isa = XCBuildConfiguration;
			buildSettings = {
				ASSETCATALOG_COMPILER_APPICON_NAME = AppIcon;
				CODE_SIGN_STYLE = Automatic;
				INFOPLIST_FILE = background/Info.plist;
				LD_RUNPATH_SEARCH_PATHS = (
					"$(inherited)",
					"@executable_path/Frameworks",
				);
				PRODUCT_BUNDLE_IDENTIFIER = "Mehdi-Benrefad.background";
				PRODUCT_NAME = "$(TARGET_NAME)";
				SWIFT_VERSION = 5.0;
				TARGETED_DEVICE_FAMILY = "1,2";
			};
			name = Release;
		};
		4F671B39262D295E00032EB3 /* Debug */ = {
			isa = XCBuildConfiguration;
			buildSettings = {
				ALWAYS_EMBED_SWIFT_STANDARD_LIBRARIES = YES;
				BUNDLE_LOADER = "$(TEST_HOST)";
				CODE_SIGN_STYLE = Automatic;
				INFOPLIST_FILE = backgroundTests/Info.plist;
				IPHONEOS_DEPLOYMENT_TARGET = 13.2;
				LD_RUNPATH_SEARCH_PATHS = (
					"$(inherited)",
					"@executable_path/Frameworks",
					"@loader_path/Frameworks",
				);
				PRODUCT_BUNDLE_IDENTIFIER = "Mehdi-Benrefad.backgroundTests";
				PRODUCT_NAME = "$(TARGET_NAME)";
				SWIFT_VERSION = 5.0;
				TARGETED_DEVICE_FAMILY = "1,2";
				TEST_HOST = "$(BUILT_PRODUCTS_DIR)/background.app/background";
			};
			name = Debug;
		};
		4F671B3A262D295E00032EB3 /* Release */ = {
			isa = XCBuildConfiguration;
			buildSettings = {
				ALWAYS_EMBED_SWIFT_STANDARD_LIBRARIES = YES;
				BUNDLE_LOADER = "$(TEST_HOST)";
				CODE_SIGN_STYLE = Automatic;
				INFOPLIST_FILE = backgroundTests/Info.plist;
				IPHONEOS_DEPLOYMENT_TARGET = 13.2;
				LD_RUNPATH_SEARCH_PATHS = (
					"$(inherited)",
					"@executable_path/Frameworks",
					"@loader_path/Frameworks",
				);
				PRODUCT_BUNDLE_IDENTIFIER = "Mehdi-Benrefad.backgroundTests";
				PRODUCT_NAME = "$(TARGET_NAME)";
				SWIFT_VERSION = 5.0;
				TARGETED_DEVICE_FAMILY = "1,2";
				TEST_HOST = "$(BUILT_PRODUCTS_DIR)/background.app/background";
			};
			name = Release;
		};
		4F671B3C262D295E00032EB3 /* Debug */ = {
			isa = XCBuildConfiguration;
			buildSettings = {
				ALWAYS_EMBED_SWIFT_STANDARD_LIBRARIES = YES;
				CODE_SIGN_STYLE = Automatic;
				INFOPLIST_FILE = backgroundUITests/Info.plist;
				LD_RUNPATH_SEARCH_PATHS = (
					"$(inherited)",
					"@executable_path/Frameworks",
					"@loader_path/Frameworks",
				);
				PRODUCT_BUNDLE_IDENTIFIER = "Mehdi-Benrefad.backgroundUITests";
				PRODUCT_NAME = "$(TARGET_NAME)";
				SWIFT_VERSION = 5.0;
				TARGETED_DEVICE_FAMILY = "1,2";
				TEST_TARGET_NAME = background;
			};
			name = Debug;
		};
		4F671B3D262D295E00032EB3 /* Release */ = {
			isa = XCBuildConfiguration;
			buildSettings = {
				ALWAYS_EMBED_SWIFT_STANDARD_LIBRARIES = YES;
				CODE_SIGN_STYLE = Automatic;
				INFOPLIST_FILE = backgroundUITests/Info.plist;
				LD_RUNPATH_SEARCH_PATHS = (
					"$(inherited)",
					"@executable_path/Frameworks",
					"@loader_path/Frameworks",
				);
				PRODUCT_BUNDLE_IDENTIFIER = "Mehdi-Benrefad.backgroundUITests";
				PRODUCT_NAME = "$(TARGET_NAME)";
				SWIFT_VERSION = 5.0;
				TARGETED_DEVICE_FAMILY = "1,2";
				TEST_TARGET_NAME = background;
			};
			name = Release;
		};
/* End XCBuildConfiguration section */

/* Begin XCConfigurationList section */
		4F671B06262D295300032EB3 /* Build configuration list for PBXProject "background" */ = {
			isa = XCConfigurationList;
			buildConfigurations = (
				4F671B33262D295E00032EB3 /* Debug */,
				4F671B34262D295E00032EB3 /* Release */,
			);
			defaultConfigurationIsVisible = 0;
			defaultConfigurationName = Release;
		};
		4F671B35262D295E00032EB3 /* Build configuration list for PBXNativeTarget "background" */ = {
			isa = XCConfigurationList;
			buildConfigurations = (
				4F671B36262D295E00032EB3 /* Debug */,
				4F671B37262D295E00032EB3 /* Release */,
			);
			defaultConfigurationIsVisible = 0;
			defaultConfigurationName = Release;
		};
		4F671B38262D295E00032EB3 /* Build configuration list for PBXNativeTarget "backgroundTests" */ = {
			isa = XCConfigurationList;
			buildConfigurations = (
				4F671B39262D295E00032EB3 /* Debug */,
				4F671B3A262D295E00032EB3 /* Release */,
			);
			defaultConfigurationIsVisible = 0;
			defaultConfigurationName = Release;
		};
		4F671B3B262D295E00032EB3 /* Build configuration list for PBXNativeTarget "backgroundUITests" */ = {
			isa = XCConfigurationList;
			buildConfigurations = (
				4F671B3C262D295E00032EB3 /* Debug */,
				4F671B3D262D295E00032EB3 /* Release */,
			);
			defaultConfigurationIsVisible = 0;
			defaultConfigurationName = Release;
		};
/* End XCConfigurationList section */
	};
	rootObject = 4F671B03262D295300032EB3 /* Project object */;
}
